
Microsoft Visual Studio Solution File, Format Version 12.00
# Visual Studio 14
VisualStudioVersion = 14.0.25123.0
MinimumVisualStudioVersion = 10.0.40219.1
Project("{FAE04EC0-301F-11D3-BF4B-00C04F79EFBC}") = "FeedViewer.Droid", "FeedViewer\FeedViewer.Droid\FeedViewer.Droid.csproj", "{DFC56D75-71AB-4002-8DE3-93D7ACF219BB}"
EndProject
Project("{FAE04EC0-301F-11D3-BF4B-00C04F79EFBC}") = "FeedViewer.iOS", "FeedViewer\FeedViewer.iOS\FeedViewer.iOS.csproj", "{7F4E9681-FBD8-4CFF-8E74-3108E051AA88}"
EndProject
Project("{FAE04EC0-301F-11D3-BF4B-00C04F79EFBC}") = "FeedViewer", "FeedViewer\FeedViewer\FeedViewer.csproj", "{F6C287B2-8E64-4785-8678-93D939386D22}"
EndProject
Project("{FAE04EC0-301F-11D3-BF4B-00C04F79EFBC}") = "FeedViewer.Api", "FeedViewer\FeedViewer.Api\FeedViewer.Api.csproj", "{FCEFCBBF-40C0-4ABE-B0D4-DFE0A1CE6B5D}"
EndProject
Project("{FAE04EC0-301F-11D3-BF4B-00C04F79EFBC}") = "FeedViewer.DataContract", "FeedViewer\FeedViewer.DataContract\FeedViewer.DataContract.csproj", "{80CBFDAA-CFEB-4C45-9776-211CB7E32F05}"
EndProject
Global
	GlobalSection(SolutionConfigurationPlatforms) = preSolution
		Ad-Hoc|Any CPU = Ad-Hoc|Any CPU
		Ad-Hoc|ARM = Ad-Hoc|ARM
		Ad-Hoc|iPhone = Ad-Hoc|iPhone
		Ad-Hoc|iPhoneSimulator = Ad-Hoc|iPhoneSimulator
		Ad-Hoc|x64 = Ad-Hoc|x64
		Ad-Hoc|x86 = Ad-Hoc|x86
		AppStore|Any CPU = AppStore|Any CPU
		AppStore|ARM = AppStore|ARM
		AppStore|iPhone = AppStore|iPhone
		AppStore|iPhoneSimulator = AppStore|iPhoneSimulator
		AppStore|x64 = AppStore|x64
		AppStore|x86 = AppStore|x86
		Debug|Any CPU = Debug|Any CPU
		Debug|ARM = Debug|ARM
		Debug|iPhone = Debug|iPhone
		Debug|iPhoneSimulator = Debug|iPhoneSimulator
		Debug|x64 = Debug|x64
		Debug|x86 = Debug|x86
		Release|Any CPU = Release|Any CPU
		Release|ARM = Release|ARM
		Release|iPhone = Release|iPhone
		Release|iPhoneSimulator = Release|iPhoneSimulator
		Release|x64 = Release|x64
		Release|x86 = Release|x86
	EndGlobalSection
	GlobalSection(ProjectConfigurationPlatforms) = postSolution
		{DFC56D75-71AB-4002-8DE3-93D7ACF219BB}.Ad-Hoc|Any CPU.ActiveCfg = Release|Any CPU
		{DFC56D75-71AB-4002-8DE3-93D7ACF219BB}.Ad-Hoc|Any CPU.Build.0 = Release|Any CPU
		{DFC56D75-71AB-4002-8DE3-93D7ACF219BB}.Ad-Hoc|Any CPU.Deploy.0 = Release|Any CPU
		{DFC56D75-71AB-4002-8DE3-93D7ACF219BB}.Ad-Hoc|ARM.ActiveCfg = Release|Any CPU
		{DFC56D75-71AB-4002-8DE3-93D7ACF219BB}.Ad-Hoc|ARM.Build.0 = Release|Any CPU
		{DFC56D75-71AB-4002-8DE3-93D7ACF219BB}.Ad-Hoc|ARM.Deploy.0 = Release|Any CPU
		{DFC56D75-71AB-4002-8DE3-93D7ACF219BB}.Ad-Hoc|iPhone.ActiveCfg = Release|Any CPU
		{DFC56D75-71AB-4002-8DE3-93D7ACF219BB}.Ad-Hoc|iPhone.Build.0 = Release|Any CPU
		{DFC56D75-71AB-4002-8DE3-93D7ACF219BB}.Ad-Hoc|iPhone.Deploy.0 = Release|Any CPU
		{DFC56D75-71AB-4002-8DE3-93D7ACF219BB}.Ad-Hoc|iPhoneSimulator.ActiveCfg = Release|Any CPU
		{DFC56D75-71AB-4002-8DE3-93D7ACF219BB}.Ad-Hoc|iPhoneSimulator.Build.0 = Release|Any CPU
		{DFC56D75-71AB-4002-8DE3-93D7ACF219BB}.Ad-Hoc|iPhoneSimulator.Deploy.0 = Release|Any CPU
		{DFC56D75-71AB-4002-8DE3-93D7ACF219BB}.Ad-Hoc|x64.ActiveCfg = Release|Any CPU
		{DFC56D75-71AB-4002-8DE3-93D7ACF219BB}.Ad-Hoc|x64.Build.0 = Release|Any CPU
		{DFC56D75-71AB-4002-8DE3-93D7ACF219BB}.Ad-Hoc|x64.Deploy.0 = Release|Any CPU
		{DFC56D75-71AB-4002-8DE3-93D7ACF219BB}.Ad-Hoc|x86.ActiveCfg = Release|Any CPU
		{DFC56D75-71AB-4002-8DE3-93D7ACF219BB}.Ad-Hoc|x86.Build.0 = Release|Any CPU
		{DFC56D75-71AB-4002-8DE3-93D7ACF219BB}.Ad-Hoc|x86.Deploy.0 = Release|Any CPU
		{DFC56D75-71AB-4002-8DE3-93D7ACF219BB}.AppStore|Any CPU.ActiveCfg = Release|Any CPU
		{DFC56D75-71AB-4002-8DE3-93D7ACF219BB}.AppStore|Any CPU.Build.0 = Release|Any CPU
		{DFC56D75-71AB-4002-8DE3-93D7ACF219BB}.AppStore|Any CPU.Deploy.0 = Release|Any CPU
		{DFC56D75-71AB-4002-8DE3-93D7ACF219BB}.AppStore|ARM.ActiveCfg = Release|Any CPU
		{DFC56D75-71AB-4002-8DE3-93D7ACF219BB}.AppStore|ARM.Build.0 = Release|Any CPU
		{DFC56D75-71AB-4002-8DE3-93D7ACF219BB}.AppStore|ARM.Deploy.0 = Release|Any CPU
		{DFC56D75-71AB-4002-8DE3-93D7ACF219BB}.AppStore|iPhone.ActiveCfg = Release|Any CPU
		{DFC56D75-71AB-4002-8DE3-93D7ACF219BB}.AppStore|iPhone.Build.0 = Release|Any CPU
		{DFC56D75-71AB-4002-8DE3-93D7ACF219BB}.AppStore|iPhone.Deploy.0 = Release|Any CPU
		{DFC56D75-71AB-4002-8DE3-93D7ACF219BB}.AppStore|iPhoneSimulator.ActiveCfg = Release|Any CPU
		{DFC56D75-71AB-4002-8DE3-93D7ACF219BB}.AppStore|iPhoneSimulator.Build.0 = Release|Any CPU
		{DFC56D75-71AB-4002-8DE3-93D7ACF219BB}.AppStore|iPhoneSimulator.Deploy.0 = Release|Any CPU
		{DFC56D75-71AB-4002-8DE3-93D7ACF219BB}.AppStore|x64.ActiveCfg = Release|Any CPU
		{DFC56D75-71AB-4002-8DE3-93D7ACF219BB}.AppStore|x64.Build.0 = Release|Any CPU
		{DFC56D75-71AB-4002-8DE3-93D7ACF219BB}.AppStore|x64.Deploy.0 = Release|Any CPU
		{DFC56D75-71AB-4002-8DE3-93D7ACF219BB}.AppStore|x86.ActiveCfg = Release|Any CPU
		{DFC56D75-71AB-4002-8DE3-93D7ACF219BB}.AppStore|x86.Build.0 = Release|Any CPU
		{DFC56D75-71AB-4002-8DE3-93D7ACF219BB}.AppStore|x86.Deploy.0 = Release|Any CPU
		{DFC56D75-71AB-4002-8DE3-93D7ACF219BB}.Debug|Any CPU.ActiveCfg = Debug|Any CPU
		{DFC56D75-71AB-4002-8DE3-93D7ACF219BB}.Debug|Any CPU.Build.0 = Debug|Any CPU
		{DFC56D75-71AB-4002-8DE3-93D7ACF219BB}.Debug|Any CPU.Deploy.0 = Debug|Any CPU
		{DFC56D75-71AB-4002-8DE3-93D7ACF219BB}.Debug|ARM.ActiveCfg = Debug|Any CPU
		{DFC56D75-71AB-4002-8DE3-93D7ACF219BB}.Debug|ARM.Build.0 = Debug|Any CPU
		{DFC56D75-71AB-4002-8DE3-93D7ACF219BB}.Debug|ARM.Deploy.0 = Debug|Any CPU
		{DFC56D75-71AB-4002-8DE3-93D7ACF219BB}.Debug|iPhone.ActiveCfg = Debug|Any CPU
		{DFC56D75-71AB-4002-8DE3-93D7ACF219BB}.Debug|iPhone.Build.0 = Debug|Any CPU
		{DFC56D75-71AB-4002-8DE3-93D7ACF219BB}.Debug|iPhone.Deploy.0 = Debug|Any CPU
		{DFC56D75-71AB-4002-8DE3-93D7ACF219BB}.Debug|iPhoneSimulator.ActiveCfg = Debug|Any CPU
		{DFC56D75-71AB-4002-8DE3-93D7ACF219BB}.Debug|iPhoneSimulator.Build.0 = Debug|Any CPU
		{DFC56D75-71AB-4002-8DE3-93D7ACF219BB}.Debug|iPhoneSimulator.Deploy.0 = Debug|Any CPU
		{DFC56D75-71AB-4002-8DE3-93D7ACF219BB}.Debug|x64.ActiveCfg = Debug|Any CPU
		{DFC56D75-71AB-4002-8DE3-93D7ACF219BB}.Debug|x64.Build.0 = Debug|Any CPU
		{DFC56D75-71AB-4002-8DE3-93D7ACF219BB}.Debug|x64.Deploy.0 = Debug|Any CPU
		{DFC56D75-71AB-4002-8DE3-93D7ACF219BB}.Debug|x86.ActiveCfg = Debug|Any CPU
		{DFC56D75-71AB-4002-8DE3-93D7ACF219BB}.Debug|x86.Build.0 = Debug|Any CPU
		{DFC56D75-71AB-4002-8DE3-93D7ACF219BB}.Debug|x86.Deploy.0 = Debug|Any CPU
		{DFC56D75-71AB-4002-8DE3-93D7ACF219BB}.Release|Any CPU.ActiveCfg = Release|Any CPU
		{DFC56D75-71AB-4002-8DE3-93D7ACF219BB}.Release|Any CPU.Build.0 = Release|Any CPU
		{DFC56D75-71AB-4002-8DE3-93D7ACF219BB}.Release|Any CPU.Deploy.0 = Release|Any CPU
		{DFC56D75-71AB-4002-8DE3-93D7ACF219BB}.Release|ARM.ActiveCfg = Release|Any CPU
		{DFC56D75-71AB-4002-8DE3-93D7ACF219BB}.Release|ARM.Build.0 = Release|Any CPU
		{DFC56D75-71AB-4002-8DE3-93D7ACF219BB}.Release|ARM.Deploy.0 = Release|Any CPU
		{DFC56D75-71AB-4002-8DE3-93D7ACF219BB}.Release|iPhone.ActiveCfg = Release|Any CPU
		{DFC56D75-71AB-4002-8DE3-93D7ACF219BB}.Release|iPhone.Build.0 = Release|Any CPU
		{DFC56D75-71AB-4002-8DE3-93D7ACF219BB}.Release|iPhone.Deploy.0 = Release|Any CPU
		{DFC56D75-71AB-4002-8DE3-93D7ACF219BB}.Release|iPhoneSimulator.ActiveCfg = Release|Any CPU
		{DFC56D75-71AB-4002-8DE3-93D7ACF219BB}.Release|iPhoneSimulator.Build.0 = Release|Any CPU
		{DFC56D75-71AB-4002-8DE3-93D7ACF219BB}.Release|iPhoneSimulator.Deploy.0 = Release|Any CPU
		{DFC56D75-71AB-4002-8DE3-93D7ACF219BB}.Release|x64.ActiveCfg = Release|Any CPU
		{DFC56D75-71AB-4002-8DE3-93D7ACF219BB}.Release|x64.Build.0 = Release|Any CPU
		{DFC56D75-71AB-4002-8DE3-93D7ACF219BB}.Release|x64.Deploy.0 = Release|Any CPU
		{DFC56D75-71AB-4002-8DE3-93D7ACF219BB}.Release|x86.ActiveCfg = Release|Any CPU
		{DFC56D75-71AB-4002-8DE3-93D7ACF219BB}.Release|x86.Build.0 = Release|Any CPU
		{DFC56D75-71AB-4002-8DE3-93D7ACF219BB}.Release|x86.Deploy.0 = Release|Any CPU
		{7F4E9681-FBD8-4CFF-8E74-3108E051AA88}.Ad-Hoc|Any CPU.ActiveCfg = Ad-Hoc|iPhone
		{7F4E9681-FBD8-4CFF-8E74-3108E051AA88}.Ad-Hoc|ARM.ActiveCfg = Ad-Hoc|iPhone
		{7F4E9681-FBD8-4CFF-8E74-3108E051AA88}.Ad-Hoc|iPhone.ActiveCfg = Ad-Hoc|iPhone
		{7F4E9681-FBD8-4CFF-8E74-3108E051AA88}.Ad-Hoc|iPhone.Build.0 = Ad-Hoc|iPhone
		{7F4E9681-FBD8-4CFF-8E74-3108E051AA88}.Ad-Hoc|iPhoneSimulator.ActiveCfg = Ad-Hoc|iPhoneSimulator
		{7F4E9681-FBD8-4CFF-8E74-3108E051AA88}.Ad-Hoc|iPhoneSimulator.Build.0 = Ad-Hoc|iPhoneSimulator
		{7F4E9681-FBD8-4CFF-8E74-3108E051AA88}.Ad-Hoc|x64.ActiveCfg = Ad-Hoc|iPhone
		{7F4E9681-FBD8-4CFF-8E74-3108E051AA88}.Ad-Hoc|x86.ActiveCfg = Ad-Hoc|iPhone
		{7F4E9681-FBD8-4CFF-8E74-3108E051AA88}.AppStore|Any CPU.ActiveCfg = AppStore|iPhone
		{7F4E9681-FBD8-4CFF-8E74-3108E051AA88}.AppStore|ARM.ActiveCfg = AppStore|iPhone
		{7F4E9681-FBD8-4CFF-8E74-3108E051AA88}.AppStore|iPhone.ActiveCfg = AppStore|iPhone
		{7F4E9681-FBD8-4CFF-8E74-3108E051AA88}.AppStore|iPhone.Build.0 = AppStore|iPhone
		{7F4E9681-FBD8-4CFF-8E74-3108E051AA88}.AppStore|iPhoneSimulator.ActiveCfg = AppStore|iPhoneSimulator
		{7F4E9681-FBD8-4CFF-8E74-3108E051AA88}.AppStore|iPhoneSimulator.Build.0 = AppStore|iPhoneSimulator
		{7F4E9681-FBD8-4CFF-8E74-3108E051AA88}.AppStore|x64.ActiveCfg = AppStore|iPhone
		{7F4E9681-FBD8-4CFF-8E74-3108E051AA88}.AppStore|x86.ActiveCfg = AppStore|iPhone
		{7F4E9681-FBD8-4CFF-8E74-3108E051AA88}.Debug|Any CPU.ActiveCfg = Debug|iPhone
		{7F4E9681-FBD8-4CFF-8E74-3108E051AA88}.Debug|ARM.ActiveCfg = Debug|iPhone
		{7F4E9681-FBD8-4CFF-8E74-3108E051AA88}.Debug|iPhone.ActiveCfg = Debug|iPhone
		{7F4E9681-FBD8-4CFF-8E74-3108E051AA88}.Debug|iPhone.Build.0 = Debug|iPhone
		{7F4E9681-FBD8-4CFF-8E74-3108E051AA88}.Debug|iPhoneSimulator.ActiveCfg = Debug|iPhoneSimulator
		{7F4E9681-FBD8-4CFF-8E74-3108E051AA88}.Debug|iPhoneSimulator.Build.0 = Debug|iPhoneSimulator
		{7F4E9681-FBD8-4CFF-8E74-3108E051AA88}.Debug|x64.ActiveCfg = Debug|iPhone
		{7F4E9681-FBD8-4CFF-8E74-3108E051AA88}.Debug|x86.ActiveCfg = Debug|iPhone
		{7F4E9681-FBD8-4CFF-8E74-3108E051AA88}.Release|Any CPU.ActiveCfg = Release|iPhone
		{7F4E9681-FBD8-4CFF-8E74-3108E051AA88}.Release|ARM.ActiveCfg = Release|iPhone
		{7F4E9681-FBD8-4CFF-8E74-3108E051AA88}.Release|iPhone.ActiveCfg = Release|iPhone
		{7F4E9681-FBD8-4CFF-8E74-3108E051AA88}.Release|iPhone.Build.0 = Release|iPhone
		{7F4E9681-FBD8-4CFF-8E74-3108E051AA88}.Release|iPhoneSimulator.ActiveCfg = Release|iPhoneSimulator
		{7F4E9681-FBD8-4CFF-8E74-3108E051AA88}.Release|iPhoneSimulator.Build.0 = Release|iPhoneSimulator
		{7F4E9681-FBD8-4CFF-8E74-3108E051AA88}.Release|x64.ActiveCfg = Release|iPhone
		{7F4E9681-FBD8-4CFF-8E74-3108E051AA88}.Release|x86.ActiveCfg = Release|iPhone
		{F6C287B2-8E64-4785-8678-93D939386D22}.Ad-Hoc|Any CPU.ActiveCfg = Release|Any CPU
		{F6C287B2-8E64-4785-8678-93D939386D22}.Ad-Hoc|Any CPU.Build.0 = Release|Any CPU
		{F6C287B2-8E64-4785-8678-93D939386D22}.Ad-Hoc|ARM.ActiveCfg = Release|Any CPU
		{F6C287B2-8E64-4785-8678-93D939386D22}.Ad-Hoc|ARM.Build.0 = Release|Any CPU
		{F6C287B2-8E64-4785-8678-93D939386D22}.Ad-Hoc|iPhone.ActiveCfg = Release|Any CPU
		{F6C287B2-8E64-4785-8678-93D939386D22}.Ad-Hoc|iPhone.Build.0 = Release|Any CPU
		{F6C287B2-8E64-4785-8678-93D939386D22}.Ad-Hoc|iPhoneSimulator.ActiveCfg = Release|Any CPU
		{F6C287B2-8E64-4785-8678-93D939386D22}.Ad-Hoc|iPhoneSimulator.Build.0 = Release|Any CPU
		{F6C287B2-8E64-4785-8678-93D939386D22}.Ad-Hoc|x64.ActiveCfg = Release|Any CPU
		{F6C287B2-8E64-4785-8678-93D939386D22}.Ad-Hoc|x64.Build.0 = Release|Any CPU
		{F6C287B2-8E64-4785-8678-93D939386D22}.Ad-Hoc|x86.ActiveCfg = Release|Any CPU
		{F6C287B2-8E64-4785-8678-93D939386D22}.Ad-Hoc|x86.Build.0 = Release|Any CPU
		{F6C287B2-8E64-4785-8678-93D939386D22}.AppStore|Any CPU.ActiveCfg = Release|Any CPU
		{F6C287B2-8E64-4785-8678-93D939386D22}.AppStore|Any CPU.Build.0 = Release|Any CPU
		{F6C287B2-8E64-4785-8678-93D939386D22}.AppStore|ARM.ActiveCfg = Release|Any CPU
		{F6C287B2-8E64-4785-8678-93D939386D22}.AppStore|ARM.Build.0 = Release|Any CPU
		{F6C287B2-8E64-4785-8678-93D939386D22}.AppStore|iPhone.ActiveCfg = Release|Any CPU
		{F6C287B2-8E64-4785-8678-93D939386D22}.AppStore|iPhone.Build.0 = Release|Any CPU
		{F6C287B2-8E64-4785-8678-93D939386D22}.AppStore|iPhoneSimulator.ActiveCfg = Release|Any CPU
		{F6C287B2-8E64-4785-8678-93D939386D22}.AppStore|iPhoneSimulator.Build.0 = Release|Any CPU
		{F6C287B2-8E64-4785-8678-93D939386D22}.AppStore|x64.ActiveCfg = Release|Any CPU
		{F6C287B2-8E64-4785-8678-93D939386D22}.AppStore|x64.Build.0 = Release|Any CPU
		{F6C287B2-8E64-4785-8678-93D939386D22}.AppStore|x86.ActiveCfg = Release|Any CPU
		{F6C287B2-8E64-4785-8678-93D939386D22}.AppStore|x86.Build.0 = Release|Any CPU
		{F6C287B2-8E64-4785-8678-93D939386D22}.Debug|Any CPU.ActiveCfg = Debug|Any CPU
		{F6C287B2-8E64-4785-8678-93D939386D22}.Debug|Any CPU.Build.0 = Debug|Any CPU
		{F6C287B2-8E64-4785-8678-93D939386D22}.Debug|ARM.ActiveCfg = Debug|Any CPU
		{F6C287B2-8E64-4785-8678-93D939386D22}.Debug|ARM.Build.0 = Debug|Any CPU
		{F6C287B2-8E64-4785-8678-93D939386D22}.Debug|iPhone.ActiveCfg = Debug|Any CPU
		{F6C287B2-8E64-4785-8678-93D939386D22}.Debug|iPhone.Build.0 = Debug|Any CPU
		{F6C287B2-8E64-4785-8678-93D939386D22}.Debug|iPhoneSimulator.ActiveCfg = Debug|Any CPU
		{F6C287B2-8E64-4785-8678-93D939386D22}.Debug|iPhoneSimulator.Build.0 = Debug|Any CPU
		{F6C287B2-8E64-4785-8678-93D939386D22}.Debug|x64.ActiveCfg = Debug|Any CPU
		{F6C287B2-8E64-4785-8678-93D939386D22}.Debug|x64.Build.0 = Debug|Any CPU
		{F6C287B2-8E64-4785-8678-93D939386D22}.Debug|x86.ActiveCfg = Debug|Any CPU
		{F6C287B2-8E64-4785-8678-93D939386D22}.Debug|x86.Build.0 = Debug|Any CPU
		{F6C287B2-8E64-4785-8678-93D939386D22}.Release|Any CPU.ActiveCfg = Release|Any CPU
		{F6C287B2-8E64-4785-8678-93D939386D22}.Release|Any CPU.Build.0 = Release|Any CPU
		{F6C287B2-8E64-4785-8678-93D939386D22}.Release|ARM.ActiveCfg = Release|Any CPU
		{F6C287B2-8E64-4785-8678-93D939386D22}.Release|ARM.Build.0 = Release|Any CPU
		{F6C287B2-8E64-4785-8678-93D939386D22}.Release|iPhone.ActiveCfg = Release|Any CPU
		{F6C287B2-8E64-4785-8678-93D939386D22}.Release|iPhone.Build.0 = Release|Any CPU
		{F6C287B2-8E64-4785-8678-93D939386D22}.Release|iPhoneSimulator.ActiveCfg = Release|Any CPU
		{F6C287B2-8E64-4785-8678-93D939386D22}.Release|iPhoneSimulator.Build.0 = Release|Any CPU
		{F6C287B2-8E64-4785-8678-93D939386D22}.Release|x64.ActiveCfg = Release|Any CPU
		{F6C287B2-8E64-4785-8678-93D939386D22}.Release|x64.Build.0 = Release|Any CPU
		{F6C287B2-8E64-4785-8678-93D939386D22}.Release|x86.ActiveCfg = Release|Any CPU
		{F6C287B2-8E64-4785-8678-93D939386D22}.Release|x86.Build.0 = Release|Any CPU
		{FCEFCBBF-40C0-4ABE-B0D4-DFE0A1CE6B5D}.Ad-Hoc|Any CPU.ActiveCfg = Release|Any CPU
		{FCEFCBBF-40C0-4ABE-B0D4-DFE0A1CE6B5D}.Ad-Hoc|Any CPU.Build.0 = Release|Any CPU
		{FCEFCBBF-40C0-4ABE-B0D4-DFE0A1CE6B5D}.Ad-Hoc|ARM.ActiveCfg = Release|Any CPU
		{FCEFCBBF-40C0-4ABE-B0D4-DFE0A1CE6B5D}.Ad-Hoc|ARM.Build.0 = Release|Any CPU
		{FCEFCBBF-40C0-4ABE-B0D4-DFE0A1CE6B5D}.Ad-Hoc|iPhone.ActiveCfg = Release|Any CPU
		{FCEFCBBF-40C0-4ABE-B0D4-DFE0A1CE6B5D}.Ad-Hoc|iPhone.Build.0 = Release|Any CPU
		{FCEFCBBF-40C0-4ABE-B0D4-DFE0A1CE6B5D}.Ad-Hoc|iPhoneSimulator.ActiveCfg = Release|Any CPU
		{FCEFCBBF-40C0-4ABE-B0D4-DFE0A1CE6B5D}.Ad-Hoc|iPhoneSimulator.Build.0 = Release|Any CPU
		{FCEFCBBF-40C0-4ABE-B0D4-DFE0A1CE6B5D}.Ad-Hoc|x64.ActiveCfg = Release|Any CPU
		{FCEFCBBF-40C0-4ABE-B0D4-DFE0A1CE6B5D}.Ad-Hoc|x64.Build.0 = Release|Any CPU
		{FCEFCBBF-40C0-4ABE-B0D4-DFE0A1CE6B5D}.Ad-Hoc|x86.ActiveCfg = Release|Any CPU
		{FCEFCBBF-40C0-4ABE-B0D4-DFE0A1CE6B5D}.Ad-Hoc|x86.Build.0 = Release|Any CPU
		{FCEFCBBF-40C0-4ABE-B0D4-DFE0A1CE6B5D}.AppStore|Any CPU.ActiveCfg = Release|Any CPU
		{FCEFCBBF-40C0-4ABE-B0D4-DFE0A1CE6B5D}.AppStore|Any CPU.Build.0 = Release|Any CPU
		{FCEFCBBF-40C0-4ABE-B0D4-DFE0A1CE6B5D}.AppStore|ARM.ActiveCfg = Release|Any CPU
		{FCEFCBBF-40C0-4ABE-B0D4-DFE0A1CE6B5D}.AppStore|ARM.Build.0 = Release|Any CPU
		{FCEFCBBF-40C0-4ABE-B0D4-DFE0A1CE6B5D}.AppStore|iPhone.ActiveCfg = Release|Any CPU
		{FCEFCBBF-40C0-4ABE-B0D4-DFE0A1CE6B5D}.AppStore|iPhone.Build.0 = Release|Any CPU
		{FCEFCBBF-40C0-4ABE-B0D4-DFE0A1CE6B5D}.AppStore|iPhoneSimulator.ActiveCfg = Release|Any CPU
		{FCEFCBBF-40C0-4ABE-B0D4-DFE0A1CE6B5D}.AppStore|iPhoneSimulator.Build.0 = Release|Any CPU
		{FCEFCBBF-40C0-4ABE-B0D4-DFE0A1CE6B5D}.AppStore|x64.ActiveCfg = Release|Any CPU
		{FCEFCBBF-40C0-4ABE-B0D4-DFE0A1CE6B5D}.AppStore|x64.Build.0 = Release|Any CPU
		{FCEFCBBF-40C0-4ABE-B0D4-DFE0A1CE6B5D}.AppStore|x86.ActiveCfg = Release|Any CPU
		{FCEFCBBF-40C0-4ABE-B0D4-DFE0A1CE6B5D}.AppStore|x86.Build.0 = Release|Any CPU
		{FCEFCBBF-40C0-4ABE-B0D4-DFE0A1CE6B5D}.Debug|Any CPU.ActiveCfg = Debug|Any CPU
		{FCEFCBBF-40C0-4ABE-B0D4-DFE0A1CE6B5D}.Debug|Any CPU.Build.0 = Debug|Any CPU
		{FCEFCBBF-40C0-4ABE-B0D4-DFE0A1CE6B5D}.Debug|ARM.ActiveCfg = Debug|Any CPU
		{FCEFCBBF-40C0-4ABE-B0D4-DFE0A1CE6B5D}.Debug|ARM.Build.0 = Debug|Any CPU
		{FCEFCBBF-40C0-4ABE-B0D4-DFE0A1CE6B5D}.Debug|iPhone.ActiveCfg = Debug|Any CPU
		{FCEFCBBF-40C0-4ABE-B0D4-DFE0A1CE6B5D}.Debug|iPhone.Build.0 = Debug|Any CPU
		{FCEFCBBF-40C0-4ABE-B0D4-DFE0A1CE6B5D}.Debug|iPhoneSimulator.ActiveCfg = Debug|Any CPU
		{FCEFCBBF-40C0-4ABE-B0D4-DFE0A1CE6B5D}.Debug|iPhoneSimulator.Build.0 = Debug|Any CPU
		{FCEFCBBF-40C0-4ABE-B0D4-DFE0A1CE6B5D}.Debug|x64.ActiveCfg = Debug|Any CPU
		{FCEFCBBF-40C0-4ABE-B0D4-DFE0A1CE6B5D}.Debug|x64.Build.0 = Debug|Any CPU
		{FCEFCBBF-40C0-4ABE-B0D4-DFE0A1CE6B5D}.Debug|x86.ActiveCfg = Debug|Any CPU
		{FCEFCBBF-40C0-4ABE-B0D4-DFE0A1CE6B5D}.Debug|x86.Build.0 = Debug|Any CPU
		{FCEFCBBF-40C0-4ABE-B0D4-DFE0A1CE6B5D}.Release|Any CPU.ActiveCfg = Release|Any CPU
		{FCEFCBBF-40C0-4ABE-B0D4-DFE0A1CE6B5D}.Release|Any CPU.Build.0 = Release|Any CPU
		{FCEFCBBF-40C0-4ABE-B0D4-DFE0A1CE6B5D}.Release|ARM.ActiveCfg = Release|Any CPU
		{FCEFCBBF-40C0-4ABE-B0D4-DFE0A1CE6B5D}.Release|ARM.Build.0 = Release|Any CPU
		{FCEFCBBF-40C0-4ABE-B0D4-DFE0A1CE6B5D}.Release|iPhone.ActiveCfg = Release|Any CPU
		{FCEFCBBF-40C0-4ABE-B0D4-DFE0A1CE6B5D}.Release|iPhone.Build.0 = Release|Any CPU
		{FCEFCBBF-40C0-4ABE-B0D4-DFE0A1CE6B5D}.Release|iPhoneSimulator.ActiveCfg = Release|Any CPU
		{FCEFCBBF-40C0-4ABE-B0D4-DFE0A1CE6B5D}.Release|iPhoneSimulator.Build.0 = Release|Any CPU
		{FCEFCBBF-40C0-4ABE-B0D4-DFE0A1CE6B5D}.Release|x64.ActiveCfg = Release|Any CPU
		{FCEFCBBF-40C0-4ABE-B0D4-DFE0A1CE6B5D}.Release|x64.Build.0 = Release|Any CPU
		{FCEFCBBF-40C0-4ABE-B0D4-DFE0A1CE6B5D}.Release|x86.ActiveCfg = Release|Any CPU
		{FCEFCBBF-40C0-4ABE-B0D4-DFE0A1CE6B5D}.Release|x86.Build.0 = Release|Any CPU
		{80CBFDAA-CFEB-4C45-9776-211CB7E32F05}.Ad-Hoc|Any CPU.ActiveCfg = Release|Any CPU
		{80CBFDAA-CFEB-4C45-9776-211CB7E32F05}.Ad-Hoc|Any CPU.Build.0 = Release|Any CPU
		{80CBFDAA-CFEB-4C45-9776-211CB7E32F05}.Ad-Hoc|ARM.ActiveCfg = Release|Any CPU
		{80CBFDAA-CFEB-4C45-9776-211CB7E32F05}.Ad-Hoc|ARM.Build.0 = Release|Any CPU
		{80CBFDAA-CFEB-4C45-9776-211CB7E32F05}.Ad-Hoc|iPhone.ActiveCfg = Release|Any CPU
		{80CBFDAA-CFEB-4C45-9776-211CB7E32F05}.Ad-Hoc|iPhone.Build.0 = Release|Any CPU
		{80CBFDAA-CFEB-4C45-9776-211CB7E32F05}.Ad-Hoc|iPhoneSimulator.ActiveCfg = Release|Any CPU
		{80CBFDAA-CFEB-4C45-9776-211CB7E32F05}.Ad-Hoc|iPhoneSimulator.Build.0 = Release|Any CPU
		{80CBFDAA-CFEB-4C45-9776-211CB7E32F05}.Ad-Hoc|x64.ActiveCfg = Release|Any CPU
		{80CBFDAA-CFEB-4C45-9776-211CB7E32F05}.Ad-Hoc|x64.Build.0 = Release|Any CPU
		{80CBFDAA-CFEB-4C45-9776-211CB7E32F05}.Ad-Hoc|x86.ActiveCfg = Release|Any CPU
		{80CBFDAA-CFEB-4C45-9776-211CB7E32F05}.Ad-Hoc|x86.Build.0 = Release|Any CPU
		{80CBFDAA-CFEB-4C45-9776-211CB7E32F05}.AppStore|Any CPU.ActiveCfg = Release|Any CPU
		{80CBFDAA-CFEB-4C45-9776-211CB7E32F05}.AppStore|Any CPU.Build.0 = Release|Any CPU
		{80CBFDAA-CFEB-4C45-9776-211CB7E32F05}.AppStore|ARM.ActiveCfg = Release|Any CPU
		{80CBFDAA-CFEB-4C45-9776-211CB7E32F05}.AppStore|ARM.Build.0 = Release|Any CPU
		{80CBFDAA-CFEB-4C45-9776-211CB7E32F05}.AppStore|iPhone.ActiveCfg = Release|Any CPU
		{80CBFDAA-CFEB-4C45-9776-211CB7E32F05}.AppStore|iPhone.Build.0 = Release|Any CPU
		{80CBFDAA-CFEB-4C45-9776-211CB7E32F05}.AppStore|iPhoneSimulator.ActiveCfg = Release|Any CPU
		{80CBFDAA-CFEB-4C45-9776-211CB7E32F05}.AppStore|iPhoneSimulator.Build.0 = Release|Any CPU
		{80CBFDAA-CFEB-4C45-9776-211CB7E32F05}.AppStore|x64.ActiveCfg = Release|Any CPU
		{80CBFDAA-CFEB-4C45-9776-211CB7E32F05}.AppStore|x64.Build.0 = Release|Any CPU
		{80CBFDAA-CFEB-4C45-9776-211CB7E32F05}.AppStore|x86.ActiveCfg = Release|Any CPU
		{80CBFDAA-CFEB-4C45-9776-211CB7E32F05}.AppStore|x86.Build.0 = Release|Any CPU
		{80CBFDAA-CFEB-4C45-9776-211CB7E32F05}.Debug|Any CPU.ActiveCfg = Debug|Any CPU
		{80CBFDAA-CFEB-4C45-9776-211CB7E32F05}.Debug|Any CPU.Build.0 = Debug|Any CPU
		{80CBFDAA-CFEB-4C45-9776-211CB7E32F05}.Debug|ARM.ActiveCfg = Debug|Any CPU
		{80CBFDAA-CFEB-4C45-9776-211CB7E32F05}.Debug|ARM.Build.0 = Debug|Any CPU
		{80CBFDAA-CFEB-4C45-9776-211CB7E32F05}.Debug|iPhone.ActiveCfg = Debug|Any CPU
		{80CBFDAA-CFEB-4C45-9776-211CB7E32F05}.Debug|iPhone.Build.0 = Debug|Any CPU
		{80CBFDAA-CFEB-4C45-9776-211CB7E32F05}.Debug|iPhoneSimulator.ActiveCfg = Debug|Any CPU
		{80CBFDAA-CFEB-4C45-9776-211CB7E32F05}.Debug|iPhoneSimulator.Build.0 = Debug|Any CPU
		{80CBFDAA-CFEB-4C45-9776-211CB7E32F05}.Debug|x64.ActiveCfg = Debug|Any CPU
		{80CBFDAA-CFEB-4C45-9776-211CB7E32F05}.Debug|x64.Build.0 = Debug|Any CPU
		{80CBFDAA-CFEB-4C45-9776-211CB7E32F05}.Debug|x86.ActiveCfg = Debug|Any CPU
		{80CBFDAA-CFEB-4C45-9776-211CB7E32F05}.Debug|x86.Build.0 = Debug|Any CPU
		{80CBFDAA-CFEB-4C45-9776-211CB7E32F05}.Release|Any CPU.ActiveCfg = Release|Any CPU
		{80CBFDAA-CFEB-4C45-9776-211CB7E32F05}.Release|Any CPU.Build.0 = Release|Any CPU
		{80CBFDAA-CFEB-4C45-9776-211CB7E32F05}.Release|ARM.ActiveCfg = Release|Any CPU
		{80CBFDAA-CFEB-4C45-9776-211CB7E32F05}.Release|ARM.Build.0 = Release|Any CPU
		{80CBFDAA-CFEB-4C45-9776-211CB7E32F05}.Release|iPhone.ActiveCfg = Release|Any CPU
		{80CBFDAA-CFEB-4C45-9776-211CB7E32F05}.Release|iPhone.Build.0 = Release|Any CPU
		{80CBFDAA-CFEB-4C45-9776-211CB7E32F05}.Release|iPhoneSimulator.ActiveCfg = Release|Any CPU
		{80CBFDAA-CFEB-4C45-9776-211CB7E32F05}.Release|iPhoneSimulator.Build.0 = Release|Any CPU
		{80CBFDAA-CFEB-4C45-9776-211CB7E32F05}.Release|x64.ActiveCfg = Release|Any CPU
		{80CBFDAA-CFEB-4C45-9776-211CB7E32F05}.Release|x64.Build.0 = Release|Any CPU
		{80CBFDAA-CFEB-4C45-9776-211CB7E32F05}.Release|x86.ActiveCfg = Release|Any CPU
		{80CBFDAA-CFEB-4C45-9776-211CB7E32F05}.Release|x86.Build.0 = Release|Any CPU
	EndGlobalSection
	GlobalSection(SolutionProperties) = preSolution
		HideSolutionNode = FALSE
	EndGlobalSection
EndGlobal
